
Microsoft Visual Studio Solution File, Format Version 12.00
# Visual Studio Version 16
VisualStudioVersion = 16.0.810.22
MinimumVisualStudioVersion = 10.0.40219.1
Project("{FAE04EC0-301F-11D3-BF4B-00C04F79EFBC}") = "CurrentWeather", "CurrentWeather\CurrentWeather.csproj", "{060189BC-65A9-4CE1-A420-12130C0ED379}"
EndProject
Global
	GlobalSection(SolutionConfigurationPlatforms) = preSolution
		Debug|Any CPU = Debug|Any CPU
		Release|Any CPU = Release|Any CPU
	EndGlobalSection
	GlobalSection(ProjectConfigurationPlatforms) = postSolution
		{060189BC-65A9-4CE1-A420-12130C0ED379}.Debug|Any CPU.ActiveCfg = Debug|Any CPU
		{060189BC-65A9-4CE1-A420-12130C0ED379}.Debug|Any CPU.Build.0 = Debug|Any CPU
		{060189BC-65A9-4CE1-A420-12130C0ED379}.Release|Any CPU.ActiveCfg = Release|Any CPU
		{060189BC-65A9-4CE1-A420-12130C0ED379}.Release|Any CPU.Build.0 = Release|Any CPU
	EndGlobalSection
	GlobalSection(SolutionProperties) = preSolution
		HideSolutionNode = FALSE
	EndGlobalSection
	GlobalSection(ExtensibilityGlobals) = postSolution
		SolutionGuid = {D4ABB8BE-8B5B-4B14-81AE-D9815F324734}
	EndGlobalSection
EndGlobal
